
Microsoft Visual Studio Solution File, Format Version 12.00
# Visual Studio Version 17
VisualStudioVersion = 17.6.33717.318
MinimumVisualStudioVersion = 10.0.40219.1
Project("{2150E333-8FDC-42A3-9474-1A3956D46DE8}") = "src", "src", "{7DDB56FB-DBC3-4C24-8E9F-61D7BC97F7BA}"
EndProject
Project("{2150E333-8FDC-42A3-9474-1A3956D46DE8}") = "test", "test", "{5A2E9863-671F-4B1E-B6E9-42D3B2C66ABE}"
EndProject
Project("{9A19103F-16F7-4668-BE54-9A1E7A4F7556}") = "HandsOn.Labs.kTodo.Tests", "HandsOn.Labs.kTodo.Tests\HandsOn.Labs.kTodo.Tests.csproj", "{CAC26B7B-35ED-4605-8C9B-40891B96B903}"
EndProject
Project("{9A19103F-16F7-4668-BE54-9A1E7A4F7556}") = "HandsOn.Labs.kTodo.API", "HandsOn.Labs.kTodo.API\HandsOn.Labs.kTodo.API.csproj", "{D328F79F-E472-4281-965B-B1D8D442427F}"
EndProject
Project("{FAE04EC0-301F-11D3-BF4B-00C04F79EFBC}") = "HandsOn.Labs.kTodo.Application", "HandsOn.Labs.kTodo.Application\HandsOn.Labs.kTodo.Application.csproj", "{2A900FE4-9561-4416-95D9-BE18E868487F}"
EndProject
Project("{FAE04EC0-301F-11D3-BF4B-00C04F79EFBC}") = "HandsOn.Labs.kTodo.Core", "HandsOn.Labs.kTodo.Core\HandsOn.Labs.kTodo.Core.csproj", "{59F027F0-17C1-444B-8EA2-615A4349BE2F}"
EndProject
Project("{FAE04EC0-301F-11D3-BF4B-00C04F79EFBC}") = "HandsOn.Labs.kTodo.Persistence", "HandsOn.Labs.kTodo.Persistence\HandsOn.Labs.kTodo.Persistence.csproj", "{301132DE-88EB-4C25-AB0A-A090C4AA56D1}"
EndProject
Project("{2150E333-8FDC-42A3-9474-1A3956D46DE8}") = "Core", "Core", "{8ABB140A-78C7-4F9B-B3D5-192F56759918}"
EndProject
Project("{2150E333-8FDC-42A3-9474-1A3956D46DE8}") = "Infrastructure", "Infrastructure", "{F8C86FE2-3EC6-4F19-BCDF-B77108448E5F}"
EndProject
Project("{2150E333-8FDC-42A3-9474-1A3956D46DE8}") = "Presentation", "Presentation", "{44AA863F-EBC7-4DE4-86C0-0B45B25F4673}"
EndProject
Project("{FAE04EC0-301F-11D3-BF4B-00C04F79EFBC}") = "HandsOn.Labs.kTodo.API.Core", "HandsOn.Labs.kTodo.API.Core\HandsOn.Labs.kTodo.API.Core.csproj", "{FD799298-FF8A-4A0F-868D-A78806973E14}"
EndProject
Project("{2150E333-8FDC-42A3-9474-1A3956D46DE8}") = "Transversal", "Transversal", "{28F33EB9-E88E-4D26-8171-F18FF66966DF}"
EndProject
Project("{FAE04EC0-301F-11D3-BF4B-00C04F79EFBC}") = "HandsOn.Labs.kTodo.Transversal.Common", "HandsOn.Labs.kTodo.Transversal.Common\HandsOn.Labs.kTodo.Transversal.Common.csproj", "{96E2886C-009C-4D2B-A280-5F0203324E1A}"
EndProject
Global
	GlobalSection(SolutionConfigurationPlatforms) = preSolution
		Debug|Any CPU = Debug|Any CPU
		Release|Any CPU = Release|Any CPU
	EndGlobalSection
	GlobalSection(ProjectConfigurationPlatforms) = postSolution
		{CAC26B7B-35ED-4605-8C9B-40891B96B903}.Debug|Any CPU.ActiveCfg = Debug|Any CPU
		{CAC26B7B-35ED-4605-8C9B-40891B96B903}.Debug|Any CPU.Build.0 = Debug|Any CPU
		{CAC26B7B-35ED-4605-8C9B-40891B96B903}.Release|Any CPU.ActiveCfg = Release|Any CPU
		{CAC26B7B-35ED-4605-8C9B-40891B96B903}.Release|Any CPU.Build.0 = Release|Any CPU
		{D328F79F-E472-4281-965B-B1D8D442427F}.Debug|Any CPU.ActiveCfg = Debug|Any CPU
		{D328F79F-E472-4281-965B-B1D8D442427F}.Debug|Any CPU.Build.0 = Debug|Any CPU
		{D328F79F-E472-4281-965B-B1D8D442427F}.Release|Any CPU.ActiveCfg = Release|Any CPU
		{D328F79F-E472-4281-965B-B1D8D442427F}.Release|Any CPU.Build.0 = Release|Any CPU
		{2A900FE4-9561-4416-95D9-BE18E868487F}.Debug|Any CPU.ActiveCfg = Debug|Any CPU
		{2A900FE4-9561-4416-95D9-BE18E868487F}.Debug|Any CPU.Build.0 = Debug|Any CPU
		{2A900FE4-9561-4416-95D9-BE18E868487F}.Release|Any CPU.ActiveCfg = Release|Any CPU
		{2A900FE4-9561-4416-95D9-BE18E868487F}.Release|Any CPU.Build.0 = Release|Any CPU
		{59F027F0-17C1-444B-8EA2-615A4349BE2F}.Debug|Any CPU.ActiveCfg = Debug|Any CPU
		{59F027F0-17C1-444B-8EA2-615A4349BE2F}.Debug|Any CPU.Build.0 = Debug|Any CPU
		{59F027F0-17C1-444B-8EA2-615A4349BE2F}.Release|Any CPU.ActiveCfg = Release|Any CPU
		{59F027F0-17C1-444B-8EA2-615A4349BE2F}.Release|Any CPU.Build.0 = Release|Any CPU
		{301132DE-88EB-4C25-AB0A-A090C4AA56D1}.Debug|Any CPU.ActiveCfg = Debug|Any CPU
		{301132DE-88EB-4C25-AB0A-A090C4AA56D1}.Debug|Any CPU.Build.0 = Debug|Any CPU
		{301132DE-88EB-4C25-AB0A-A090C4AA56D1}.Release|Any CPU.ActiveCfg = Release|Any CPU
		{301132DE-88EB-4C25-AB0A-A090C4AA56D1}.Release|Any CPU.Build.0 = Release|Any CPU
		{FD799298-FF8A-4A0F-868D-A78806973E14}.Debug|Any CPU.ActiveCfg = Debug|Any CPU
		{FD799298-FF8A-4A0F-868D-A78806973E14}.Debug|Any CPU.Build.0 = Debug|Any CPU
		{FD799298-FF8A-4A0F-868D-A78806973E14}.Release|Any CPU.ActiveCfg = Release|Any CPU
		{FD799298-FF8A-4A0F-868D-A78806973E14}.Release|Any CPU.Build.0 = Release|Any CPU
		{96E2886C-009C-4D2B-A280-5F0203324E1A}.Debug|Any CPU.ActiveCfg = Debug|Any CPU
		{96E2886C-009C-4D2B-A280-5F0203324E1A}.Debug|Any CPU.Build.0 = Debug|Any CPU
		{96E2886C-009C-4D2B-A280-5F0203324E1A}.Release|Any CPU.ActiveCfg = Release|Any CPU
		{96E2886C-009C-4D2B-A280-5F0203324E1A}.Release|Any CPU.Build.0 = Release|Any CPU
	EndGlobalSection
	GlobalSection(SolutionProperties) = preSolution
		HideSolutionNode = FALSE
	EndGlobalSection
	GlobalSection(NestedProjects) = preSolution
		{CAC26B7B-35ED-4605-8C9B-40891B96B903} = {5A2E9863-671F-4B1E-B6E9-42D3B2C66ABE}
		{D328F79F-E472-4281-965B-B1D8D442427F} = {44AA863F-EBC7-4DE4-86C0-0B45B25F4673}
		{2A900FE4-9561-4416-95D9-BE18E868487F} = {8ABB140A-78C7-4F9B-B3D5-192F56759918}
		{59F027F0-17C1-444B-8EA2-615A4349BE2F} = {8ABB140A-78C7-4F9B-B3D5-192F56759918}
		{301132DE-88EB-4C25-AB0A-A090C4AA56D1} = {F8C86FE2-3EC6-4F19-BCDF-B77108448E5F}
		{8ABB140A-78C7-4F9B-B3D5-192F56759918} = {7DDB56FB-DBC3-4C24-8E9F-61D7BC97F7BA}
		{F8C86FE2-3EC6-4F19-BCDF-B77108448E5F} = {7DDB56FB-DBC3-4C24-8E9F-61D7BC97F7BA}
		{44AA863F-EBC7-4DE4-86C0-0B45B25F4673} = {7DDB56FB-DBC3-4C24-8E9F-61D7BC97F7BA}
		{FD799298-FF8A-4A0F-868D-A78806973E14} = {44AA863F-EBC7-4DE4-86C0-0B45B25F4673}
		{28F33EB9-E88E-4D26-8171-F18FF66966DF} = {7DDB56FB-DBC3-4C24-8E9F-61D7BC97F7BA}
		{96E2886C-009C-4D2B-A280-5F0203324E1A} = {28F33EB9-E88E-4D26-8171-F18FF66966DF}
	EndGlobalSection
	GlobalSection(ExtensibilityGlobals) = postSolution
		SolutionGuid = {574A28C6-7124-446C-8EB8-C2D6820E6DE0}
	EndGlobalSection
EndGlobal
